
Microsoft Visual Studio Solution File, Format Version 12.00
# Visual Studio Version 17
VisualStudioVersion = 17.6.33815.320
MinimumVisualStudioVersion = 10.0.40219.1
Project("{FAE04EC0-301F-11D3-BF4B-00C04F79EFBC}") = "PR11", "PR11.csproj", "{AE20A02D-DFE9-4787-8963-885FCDB5F7E4}"
EndProject
Global
	GlobalSection(SolutionConfigurationPlatforms) = preSolution
		Debug|Any CPU = Debug|Any CPU
		Release|Any CPU = Release|Any CPU
	EndGlobalSection
	GlobalSection(ProjectConfigurationPlatforms) = postSolution
		{AE20A02D-DFE9-4787-8963-885FCDB5F7E4}.Debug|Any CPU.ActiveCfg = Debug|Any CPU
		{AE20A02D-DFE9-4787-8963-885FCDB5F7E4}.Debug|Any CPU.Build.0 = Debug|Any CPU
		{AE20A02D-DFE9-4787-8963-885FCDB5F7E4}.Release|Any CPU.ActiveCfg = Release|Any CPU
		{AE20A02D-DFE9-4787-8963-885FCDB5F7E4}.Release|Any CPU.Build.0 = Release|Any CPU
	EndGlobalSection
	GlobalSection(SolutionProperties) = preSolution
		HideSolutionNode = FALSE
	EndGlobalSection
	GlobalSection(ExtensibilityGlobals) = postSolution
		SolutionGuid = {39A185C5-1492-4FD5-87DB-194A3219565B}
	EndGlobalSection
EndGlobal
